// !$*UTF8*$!
{
	archiveVersion = 1;
	classes = {
	};
	objectVersion = 50;
	objects = {

/* Begin PBXBuildFile section */
		CBE3CF3A8B13E44607A99771 /* Pods_Dogs.framework in Frameworks */ = {isa = PBXBuildFile; fileRef = D809ECEC9A2739BF5909DFD7 /* Pods_Dogs.framework */; };
		D98A51562235A940008FABE3 /* AppDelegate.swift in Sources */ = {isa = PBXBuildFile; fileRef = D98A51552235A940008FABE3 /* AppDelegate.swift */; };
		D98A51582235A940008FABE3 /* ImageViewController.swift in Sources */ = {isa = PBXBuildFile; fileRef = D98A51572235A940008FABE3 /* ImageViewController.swift */; };
		D98A515B2235A940008FABE3 /* Main.storyboard in Resources */ = {isa = PBXBuildFile; fileRef = D98A51592235A940008FABE3 /* Main.storyboard */; };
		D98A515D2235A941008FABE3 /* Assets.xcassets in Resources */ = {isa = PBXBuildFile; fileRef = D98A515C2235A941008FABE3 /* Assets.xcassets */; };
		D98A51602235A941008FABE3 /* LaunchScreen.storyboard in Resources */ = {isa = PBXBuildFile; fileRef = D98A515E2235A941008FABE3 /* LaunchScreen.storyboard */; };
		D98A51682235AD05008FABE3 /* APIManager.swift in Sources */ = {isa = PBXBuildFile; fileRef = D98A51672235AD05008FABE3 /* APIManager.swift */; };
		D98A517322361137008FABE3 /* ActivityIndicator.swift in Sources */ = {isa = PBXBuildFile; fileRef = D98A517222361137008FABE3 /* ActivityIndicator.swift */; };
		D98A517722365131008FABE3 /* BreedListViewController.swift in Sources */ = {isa = PBXBuildFile; fileRef = D98A517622365131008FABE3 /* BreedListViewController.swift */; };
		D98A5179223664C9008FABE3 /* UIViewController+Rx.swift in Sources */ = {isa = PBXBuildFile; fileRef = D98A5178223664C9008FABE3 /* UIViewController+Rx.swift */; };
		D98A517D2237904D008FABE3 /* Observable+Ext.swift in Sources */ = {isa = PBXBuildFile; fileRef = D98A517C2237904D008FABE3 /* Observable+Ext.swift */; };
/* End PBXBuildFile section */

/* Begin PBXFileReference section */
		5DB1B9CC716B395D73C31477 /* Pods-Dogs.debug.xcconfig */ = {isa = PBXFileReference; includeInIndex = 1; lastKnownFileType = text.xcconfig; name = "Pods-Dogs.debug.xcconfig"; path = "Target Support Files/Pods-Dogs/Pods-Dogs.debug.xcconfig"; sourceTree = "<group>"; };
		73E240C84268A7085AADA47D /* Pods-Dogs.release.xcconfig */ = {isa = PBXFileReference; includeInIndex = 1; lastKnownFileType = text.xcconfig; name = "Pods-Dogs.release.xcconfig"; path = "Target Support Files/Pods-Dogs/Pods-Dogs.release.xcconfig"; sourceTree = "<group>"; };
		D809ECEC9A2739BF5909DFD7 /* Pods_Dogs.framework */ = {isa = PBXFileReference; explicitFileType = wrapper.framework; includeInIndex = 0; path = Pods_Dogs.framework; sourceTree = BUILT_PRODUCTS_DIR; };
		D98A51522235A940008FABE3 /* Dogs.app */ = {isa = PBXFileReference; explicitFileType = wrapper.application; includeInIndex = 0; path = Dogs.app; sourceTree = BUILT_PRODUCTS_DIR; };
		D98A51552235A940008FABE3 /* AppDelegate.swift */ = {isa = PBXFileReference; lastKnownFileType = sourcecode.swift; path = AppDelegate.swift; sourceTree = "<group>"; };
		D98A51572235A940008FABE3 /* ImageViewController.swift */ = {isa = PBXFileReference; lastKnownFileType = sourcecode.swift; path = ImageViewController.swift; sourceTree = "<group>"; };
		D98A515A2235A940008FABE3 /* Base */ = {isa = PBXFileReference; lastKnownFileType = file.storyboard; name = Base; path = Base.lproj/Main.storyboard; sourceTree = "<group>"; };
		D98A515C2235A941008FABE3 /* Assets.xcassets */ = {isa = PBXFileReference; lastKnownFileType = folder.assetcatalog; path = Assets.xcassets; sourceTree = "<group>"; };
		D98A515F2235A941008FABE3 /* Base */ = {isa = PBXFileReference; lastKnownFileType = file.storyboard; name = Base; path = Base.lproj/LaunchScreen.storyboard; sourceTree = "<group>"; };
		D98A51612235A941008FABE3 /* Info.plist */ = {isa = PBXFileReference; lastKnownFileType = text.plist.xml; path = Info.plist; sourceTree = "<group>"; };
		D98A51672235AD05008FABE3 /* APIManager.swift */ = {isa = PBXFileReference; lastKnownFileType = sourcecode.swift; path = APIManager.swift; sourceTree = "<group>"; };
		D98A517222361137008FABE3 /* ActivityIndicator.swift */ = {isa = PBXFileReference; fileEncoding = 4; lastKnownFileType = sourcecode.swift; path = ActivityIndicator.swift; sourceTree = "<group>"; };
		D98A517622365131008FABE3 /* BreedListViewController.swift */ = {isa = PBXFileReference; lastKnownFileType = sourcecode.swift; path = BreedListViewController.swift; sourceTree = "<group>"; };
		D98A5178223664C9008FABE3 /* UIViewController+Rx.swift */ = {isa = PBXFileReference; lastKnownFileType = sourcecode.swift; path = "UIViewController+Rx.swift"; sourceTree = "<group>"; };
		D98A517C2237904D008FABE3 /* Observable+Ext.swift */ = {isa = PBXFileReference; fileEncoding = 4; lastKnownFileType = sourcecode.swift; path = "Observable+Ext.swift"; sourceTree = "<group>"; };
/* End PBXFileReference section */

/* Begin PBXFrameworksBuildPhase section */
		D98A514F2235A940008FABE3 /* Frameworks */ = {
			isa = PBXFrameworksBuildPhase;
			buildActionMask = 2147483647;
			files = (
				CBE3CF3A8B13E44607A99771 /* Pods_Dogs.framework in Frameworks */,
			);
			runOnlyForDeploymentPostprocessing = 0;
		};
/* End PBXFrameworksBuildPhase section */

/* Begin PBXGroup section */
		03A4EB6543D23070B7582F91 /* Pods */ = {
			isa = PBXGroup;
			children = (
				5DB1B9CC716B395D73C31477 /* Pods-Dogs.debug.xcconfig */,
				73E240C84268A7085AADA47D /* Pods-Dogs.release.xcconfig */,
			);
			path = Pods;
			sourceTree = "<group>";
		};
		D98A51492235A940008FABE3 = {
			isa = PBXGroup;
			children = (
				D98A51542235A940008FABE3 /* Dogs */,
				D98A51532235A940008FABE3 /* Products */,
				03A4EB6543D23070B7582F91 /* Pods */,
				F7C756783E886A8E16C7A214 /* Frameworks */,
			);
			sourceTree = "<group>";
		};
		D98A51532235A940008FABE3 /* Products */ = {
			isa = PBXGroup;
			children = (
				D98A51522235A940008FABE3 /* Dogs.app */,
			);
			name = Products;
			sourceTree = "<group>";
		};
		D98A51542235A940008FABE3 /* Dogs */ = {
			isa = PBXGroup;
			children = (
				D98A51592235A940008FABE3 /* Main.storyboard */,
				D98A517622365131008FABE3 /* BreedListViewController.swift */,
				D98A51572235A940008FABE3 /* ImageViewController.swift */,
				D98A51672235AD05008FABE3 /* APIManager.swift */,
				D98A517222361137008FABE3 /* ActivityIndicator.swift */,
				D98A5178223664C9008FABE3 /* UIViewController+Rx.swift */,
				D98A517C2237904D008FABE3 /* Observable+Ext.swift */,
				D98A51692235AE9C008FABE3 /* Supporting files */,
			);
			path = Dogs;
			sourceTree = "<group>";
		};
		D98A51692235AE9C008FABE3 /* Supporting files */ = {
			isa = PBXGroup;
			children = (
				D98A51552235A940008FABE3 /* AppDelegate.swift */,
				D98A515C2235A941008FABE3 /* Assets.xcassets */,
				D98A515E2235A941008FABE3 /* LaunchScreen.storyboard */,
				D98A51612235A941008FABE3 /* Info.plist */,
			);
			path = "Supporting files";
			sourceTree = "<group>";
		};
		F7C756783E886A8E16C7A214 /* Frameworks */ = {
			isa = PBXGroup;
			children = (
				D809ECEC9A2739BF5909DFD7 /* Pods_Dogs.framework */,
			);
			name = Frameworks;
			sourceTree = "<group>";
		};
/* End PBXGroup section */

/* Begin PBXNativeTarget section */
		D98A51512235A940008FABE3 /* Dogs */ = {
			isa = PBXNativeTarget;
			buildConfigurationList = D98A51642235A941008FABE3 /* Build configuration list for PBXNativeTarget "Dogs" */;
			buildPhases = (
				33A99E54272B98942177FCD5 /* [CP] Check Pods Manifest.lock */,
				D98A514E2235A940008FABE3 /* Sources */,
				D98A514F2235A940008FABE3 /* Frameworks */,
				D98A51502235A940008FABE3 /* Resources */,
				AF7B9B3EA6C35294D0766515 /* [CP] Embed Pods Frameworks */,
			);
			buildRules = (
			);
			dependencies = (
			);
			name = Dogs;
			productName = Dogs;
			productReference = D98A51522235A940008FABE3 /* Dogs.app */;
			productType = "com.apple.product-type.application";
		};
/* End PBXNativeTarget section */

/* Begin PBXProject section */
		D98A514A2235A940008FABE3 /* Project object */ = {
			isa = PBXProject;
			attributes = {
				LastSwiftUpdateCheck = 1010;
				LastUpgradeCheck = 1010;
				ORGANIZATIONNAME = JingChuang;
				TargetAttributes = {
					D98A51512235A940008FABE3 = {
						CreatedOnToolsVersion = 10.1;
					};
				};
			};
			buildConfigurationList = D98A514D2235A940008FABE3 /* Build configuration list for PBXProject "Dogs" */;
			compatibilityVersion = "Xcode 9.3";
			developmentRegion = en;
			hasScannedForEncodings = 0;
			knownRegions = (
				en,
				Base,
			);
			mainGroup = D98A51492235A940008FABE3;
			productRefGroup = D98A51532235A940008FABE3 /* Products */;
			projectDirPath = "";
			projectRoot = "";
			targets = (
				D98A51512235A940008FABE3 /* Dogs */,
			);
		};
/* End PBXProject section */

/* Begin PBXResourcesBuildPhase section */
		D98A51502235A940008FABE3 /* Resources */ = {
			isa = PBXResourcesBuildPhase;
			buildActionMask = 2147483647;
			files = (
				D98A51602235A941008FABE3 /* LaunchScreen.storyboard in Resources */,
				D98A515D2235A941008FABE3 /* Assets.xcassets in Resources */,
				D98A515B2235A940008FABE3 /* Main.storyboard in Resources */,
			);
			runOnlyForDeploymentPostprocessing = 0;
		};
/* End PBXResourcesBuildPhase section */

/* Begin PBXShellScriptBuildPhase section */
		33A99E54272B98942177FCD5 /* [CP] Check Pods Manifest.lock */ = {
			isa = PBXShellScriptBuildPhase;
			buildActionMask = 2147483647;
			files = (
			);
			inputFileListPaths = (
			);
			inputPaths = (
				"${PODS_PODFILE_DIR_PATH}/Podfile.lock",
				"${PODS_ROOT}/Manifest.lock",
			);
			name = "[CP] Check Pods Manifest.lock";
			outputFileListPaths = (
			);
			outputPaths = (
				"$(DERIVED_FILE_DIR)/Pods-Dogs-checkManifestLockResult.txt",
			);
			runOnlyForDeploymentPostprocessing = 0;
			shellPath = /bin/sh;
			shellScript = "diff \"${PODS_PODFILE_DIR_PATH}/Podfile.lock\" \"${PODS_ROOT}/Manifest.lock\" > /dev/null\nif [ $? != 0 ] ; then\n    # print error to STDERR\n    echo \"error: The sandbox is not in sync with the Podfile.lock. Run 'pod install' or update your CocoaPods installation.\" >&2\n    exit 1\nfi\n# This output is used by Xcode 'outputs' to avoid re-running this script phase.\necho \"SUCCESS\" > \"${SCRIPT_OUTPUT_FILE_0}\"\n";
			showEnvVarsInLog = 0;
		};
		AF7B9B3EA6C35294D0766515 /* [CP] Embed Pods Frameworks */ = {
			isa = PBXShellScriptBuildPhase;
			buildActionMask = 2147483647;
			files = (
			);
			inputFileListPaths = (
			);
			inputPaths = (
				"${PODS_ROOT}/Target Support Files/Pods-Dogs/Pods-Dogs-frameworks.sh",
				"${BUILT_PRODUCTS_DIR}/Differentiator/Differentiator.framework",
				"${BUILT_PRODUCTS_DIR}/RxCocoa/RxCocoa.framework",
				"${BUILT_PRODUCTS_DIR}/RxDataSources/RxDataSources.framework",
				"${BUILT_PRODUCTS_DIR}/RxOptional/RxOptional.framework",
				"${BUILT_PRODUCTS_DIR}/RxSwift/RxSwift.framework",
			);
			name = "[CP] Embed Pods Frameworks";
			outputFileListPaths = (
			);
			outputPaths = (
				"${TARGET_BUILD_DIR}/${FRAMEWORKS_FOLDER_PATH}/Differentiator.framework",
				"${TARGET_BUILD_DIR}/${FRAMEWORKS_FOLDER_PATH}/RxCocoa.framework",
				"${TARGET_BUILD_DIR}/${FRAMEWORKS_FOLDER_PATH}/RxDataSources.framework",
				"${TARGET_BUILD_DIR}/${FRAMEWORKS_FOLDER_PATH}/RxOptional.framework",
				"${TARGET_BUILD_DIR}/${FRAMEWORKS_FOLDER_PATH}/RxSwift.framework",
			);
			runOnlyForDeploymentPostprocessing = 0;
			shellPath = /bin/sh;
			shellScript = "\"${PODS_ROOT}/Target Support Files/Pods-Dogs/Pods-Dogs-frameworks.sh\"\n";
			showEnvVarsInLog = 0;
		};
/* End PBXShellScriptBuildPhase section */

/* Begin PBXSourcesBuildPhase section */
		D98A514E2235A940008FABE3 /* Sources */ = {
			isa = PBXSourcesBuildPhase;
			buildActionMask = 2147483647;
			files = (
				D98A517322361137008FABE3 /* ActivityIndicator.swift in Sources */,
				D98A51682235AD05008FABE3 /* APIManager.swift in Sources */,
				D98A51582235A940008FABE3 /* ImageViewController.swift in Sources */,
				D98A517722365131008FABE3 /* BreedListViewController.swift in Sources */,
				D98A5179223664C9008FABE3 /* UIViewController+Rx.swift in Sources */,
				D98A517D2237904D008FABE3 /* Observable+Ext.swift in Sources */,
				D98A51562235A940008FABE3 /* AppDelegate.swift in Sources */,
			);
			runOnlyForDeploymentPostprocessing = 0;
		};
/* End PBXSourcesBuildPhase section */

/* Begin PBXVariantGroup section */
		D98A51592235A940008FABE3 /* Main.storyboard */ = {
			isa = PBXVariantGroup;
			children = (
				D98A515A2235A940008FABE3 /* Base */,
			);
			name = Main.storyboard;
			sourceTree = "<group>";
		};
		D98A515E2235A941008FABE3 /* LaunchScreen.storyboard */ = {
			isa = PBXVariantGroup;
			children = (
				D98A515F2235A941008FABE3 /* Base */,
			);
			name = LaunchScreen.storyboard;
			sourceTree = "<group>";
		};
/* End PBXVariantGroup section */

/* Begin XCBuildConfiguration section */
		D98A51622235A941008FABE3 /* Debug */ = {
			isa = XCBuildConfiguration;
			buildSettings = {
				ALWAYS_SEARCH_USER_PATHS = NO;
				CLANG_ANALYZER_NONNULL = YES;
				CLANG_ANALYZER_NUMBER_OBJECT_CONVERSION = YES_AGGRESSIVE;
				CLANG_CXX_LANGUAGE_STANDARD = "gnu++14";
				CLANG_CXX_LIBRARY = "libc++";
				CLANG_ENABLE_MODULES = YES;
				CLANG_ENABLE_OBJC_ARC = YES;
				CLANG_ENABLE_OBJC_WEAK = YES;
				CLANG_WARN_BLOCK_CAPTURE_AUTORELEASING = YES;
				CLANG_WARN_BOOL_CONVERSION = YES;
				CLANG_WARN_COMMA = YES;
				CLANG_WARN_CONSTANT_CONVERSION = YES;
				CLANG_WARN_DEPRECATED_OBJC_IMPLEMENTATIONS = YES;
				CLANG_WARN_DIRECT_OBJC_ISA_USAGE = YES_ERROR;
				CLANG_WARN_DOCUMENTATION_COMMENTS = YES;
				CLANG_WARN_EMPTY_BODY = YES;
				CLANG_WARN_ENUM_CONVERSION = YES;
				CLANG_WARN_INFINITE_RECURSION = YES;
				CLANG_WARN_INT_CONVERSION = YES;
				CLANG_WARN_NON_LITERAL_NULL_CONVERSION = YES;
				CLANG_WARN_OBJC_IMPLICIT_RETAIN_SELF = YES;
				CLANG_WARN_OBJC_LITERAL_CONVERSION = YES;
				CLANG_WARN_OBJC_ROOT_CLASS = YES_ERROR;
				CLANG_WARN_RANGE_LOOP_ANALYSIS = YES;
				CLANG_WARN_STRICT_PROTOTYPES = YES;
				CLANG_WARN_SUSPICIOUS_MOVE = YES;
				CLANG_WARN_UNGUARDED_AVAILABILITY = YES_AGGRESSIVE;
				CLANG_WARN_UNREACHABLE_CODE = YES;
				CLANG_WARN__DUPLICATE_METHOD_MATCH = YES;
				CODE_SIGN_IDENTITY = "iPhone Developer";
				COPY_PHASE_STRIP = NO;
				DEBUG_INFORMATION_FORMAT = dwarf;
				ENABLE_STRICT_OBJC_MSGSEND = YES;
				ENABLE_TESTABILITY = YES;
				GCC_C_LANGUAGE_STANDARD = gnu11;
				GCC_DYNAMIC_NO_PIC = NO;
				GCC_NO_COMMON_BLOCKS = YES;
				GCC_OPTIMIZATION_LEVEL = 0;
				GCC_PREPROCESSOR_DEFINITIONS = (
					"DEBUG=1",
					"$(inherited)",
				);
				GCC_WARN_64_TO_32_BIT_CONVERSION = YES;
				GCC_WARN_ABOUT_RETURN_TYPE = YES_ERROR;
				GCC_WARN_UNDECLARED_SELECTOR = YES;
				GCC_WARN_UNINITIALIZED_AUTOS = YES_AGGRESSIVE;
				GCC_WARN_UNUSED_FUNCTION = YES;
				GCC_WARN_UNUSED_VARIABLE = YES;
				IPHONEOS_DEPLOYMENT_TARGET = 12.1;
				MTL_ENABLE_DEBUG_INFO = INCLUDE_SOURCE;
				MTL_FAST_MATH = YES;
				ONLY_ACTIVE_ARCH = YES;
				SDKROOT = iphoneos;
				SWIFT_ACTIVE_COMPILATION_CONDITIONS = DEBUG;
				SWIFT_OPTIMIZATION_LEVEL = "-Onone";
			};
			name = Debug;
		};
		D98A51632235A941008FABE3 /* Release */ = {
			isa = XCBuildConfiguration;
			buildSettings = {
				ALWAYS_SEARCH_USER_PATHS = NO;
				CLANG_ANALYZER_NONNULL = YES;
				CLANG_ANALYZER_NUMBER_OBJECT_CONVERSION = YES_AGGRESSIVE;
				CLANG_CXX_LANGUAGE_STANDARD = "gnu++14";
				CLANG_CXX_LIBRARY = "libc++";
				CLANG_ENABLE_MODULES = YES;
				CLANG_ENABLE_OBJC_ARC = YES;
				CLANG_ENABLE_OBJC_WEAK = YES;
				CLANG_WARN_BLOCK_CAPTURE_AUTORELEASING = YES;
				CLANG_WARN_BOOL_CONVERSION = YES;
				CLANG_WARN_COMMA = YES;
				CLANG_WARN_CONSTANT_CONVERSION = YES;
				CLANG_WARN_DEPRECATED_OBJC_IMPLEMENTATIONS = YES;
				CLANG_WARN_DIRECT_OBJC_ISA_USAGE = YES_ERROR;
				CLANG_WARN_DOCUMENTATION_COMMENTS = YES;
				CLANG_WARN_EMPTY_BODY = YES;
				CLANG_WARN_ENUM_CONVERSION = YES;
				CLANG_WARN_INFINITE_RECURSION = YES;
				CLANG_WARN_INT_CONVERSION = YES;
				CLANG_WARN_NON_LITERAL_NULL_CONVERSION = YES;
				CLANG_WARN_OBJC_IMPLICIT_RETAIN_SELF = YES;
				CLANG_WARN_OBJC_LITERAL_CONVERSION = YES;
				CLANG_WARN_OBJC_ROOT_CLASS = YES_ERROR;
				CLANG_WARN_RANGE_LOOP_ANALYSIS = YES;
				CLANG_WARN_STRICT_PROTOTYPES = YES;
				CLANG_WARN_SUSPICIOUS_MOVE = YES;
				CLANG_WARN_UNGUARDED_AVAILABILITY = YES_AGGRESSIVE;
				CLANG_WARN_UNREACHABLE_CODE = YES;
				CLANG_WARN__DUPLICATE_METHOD_MATCH = YES;
				CODE_SIGN_IDENTITY = "iPhone Developer";
				COPY_PHASE_STRIP = NO;
				DEBUG_INFORMATION_FORMAT = "dwarf-with-dsym";
				ENABLE_NS_ASSERTIONS = NO;
				ENABLE_STRICT_OBJC_MSGSEND = YES;
				GCC_C_LANGUAGE_STANDARD = gnu11;
				GCC_NO_COMMON_BLOCKS = YES;
				GCC_WARN_64_TO_32_BIT_CONVERSION = YES;
				GCC_WARN_ABOUT_RETURN_TYPE = YES_ERROR;
				GCC_WARN_UNDECLARED_SELECTOR = YES;
				GCC_WARN_UNINITIALIZED_AUTOS = YES_AGGRESSIVE;
				GCC_WARN_UNUSED_FUNCTION = YES;
				GCC_WARN_UNUSED_VARIABLE = YES;
				IPHONEOS_DEPLOYMENT_TARGET = 12.1;
				MTL_ENABLE_DEBUG_INFO = NO;
				MTL_FAST_MATH = YES;
				SDKROOT = iphoneos;
				SWIFT_COMPILATION_MODE = wholemodule;
				SWIFT_OPTIMIZATION_LEVEL = "-O";
				VALIDATE_PRODUCT = YES;
			};
			name = Release;
		};
		D98A51652235A941008FABE3 /* Debug */ = {
			isa = XCBuildConfiguration;
			baseConfigurationReference = 5DB1B9CC716B395D73C31477 /* Pods-Dogs.debug.xcconfig */;
			buildSettings = {
				ASSETCATALOG_COMPILER_APPICON_NAME = AppIcon;
				CODE_SIGN_STYLE = Automatic;
				DEVELOPMENT_TEAM = X586XUMY43;
				INFOPLIST_FILE = "$(SRCROOT)/Dogs/Supporting files/Info.plist";
				LD_RUNPATH_SEARCH_PATHS = (
					"$(inherited)",
					"@executable_path/Frameworks",
				);
				PRODUCT_BUNDLE_IDENTIFIER = com.jingchc.Dogs;
				PRODUCT_NAME = "$(TARGET_NAME)";
				SWIFT_VERSION = 4.2;
				TARGETED_DEVICE_FAMILY = "1,2";
			};
			name = Debug;
		};
		D98A51662235A941008FABE3 /* Release */ = {
			isa = XCBuildConfiguration;
			baseConfigurationReference = 73E240C84268A7085AADA47D /* Pods-Dogs.release.xcconfig */;
			buildSettings = {
				ASSETCATALOG_COMPILER_APPICON_NAME = AppIcon;
				CODE_SIGN_STYLE = Automatic;
				DEVELOPMENT_TEAM = X586XUMY43;
				INFOPLIST_FILE = "$(SRCROOT)/Dogs/Supporting files/Info.plist";
				LD_RUNPATH_SEARCH_PATHS = (
					"$(inherited)",
					"@executable_path/Frameworks",
				);
				PRODUCT_BUNDLE_IDENTIFIER = com.jingchc.Dogs;
				PRODUCT_NAME = "$(TARGET_NAME)";
				SWIFT_VERSION = 4.2;
				TARGETED_DEVICE_FAMILY = "1,2";
			};
			name = Release;
		};
/* End XCBuildConfiguration section */

/* Begin XCConfigurationList section */
		D98A514D2235A940008FABE3 /* Build configuration list for PBXProject "Dogs" */ = {
			isa = XCConfigurationList;
			buildConfigurations = (
				D98A51622235A941008FABE3 /* Debug */,
				D98A51632235A941008FABE3 /* Release */,
			);
			defaultConfigurationIsVisible = 0;
			defaultConfigurationName = Release;
		};
		D98A51642235A941008FABE3 /* Build configuration list for PBXNativeTarget "Dogs" */ = {
			isa = XCConfigurationList;
			buildConfigurations = (
				D98A51652235A941008FABE3 /* Debug */,
				D98A51662235A941008FABE3 /* Release */,
			);
			defaultConfigurationIsVisible = 0;
			defaultConfigurationName = Release;
		};
/* End XCConfigurationList section */
	};
	rootObject = D98A514A2235A940008FABE3 /* Project object */;
}
